
Microsoft Visual Studio Solution File, Format Version 12.00
# Visual Studio Version 16
VisualStudioVersion = 16.0.31729.503
MinimumVisualStudioVersion = 10.0.40219.1
Project("{FAE04EC0-301F-11D3-BF4B-00C04F79EFBC}") = "LAB2", "LAB2.csproj", "{CFC47D6A-D6FA-418F-B5B7-4020D8F1D9EF}"
EndProject
Global
	GlobalSection(SolutionConfigurationPlatforms) = preSolution
		Debug|Any CPU = Debug|Any CPU
		Release|Any CPU = Release|Any CPU
	EndGlobalSection
	GlobalSection(ProjectConfigurationPlatforms) = postSolution
		{CFC47D6A-D6FA-418F-B5B7-4020D8F1D9EF}.Debug|Any CPU.ActiveCfg = Debug|Any CPU
		{CFC47D6A-D6FA-418F-B5B7-4020D8F1D9EF}.Debug|Any CPU.Build.0 = Debug|Any CPU
		{CFC47D6A-D6FA-418F-B5B7-4020D8F1D9EF}.Release|Any CPU.ActiveCfg = Release|Any CPU
		{CFC47D6A-D6FA-418F-B5B7-4020D8F1D9EF}.Release|Any CPU.Build.0 = Release|Any CPU
	EndGlobalSection
	GlobalSection(SolutionProperties) = preSolution
		HideSolutionNode = FALSE
	EndGlobalSection
	GlobalSection(ExtensibilityGlobals) = postSolution
		SolutionGuid = {367944A4-ED6B-4FD4-8CCB-CCD826AA8EAD}
	EndGlobalSection
EndGlobal
